github.com/NVIDIA/go-nvml v0.13.0-1 h1:OLX8Jq3dONuPOQPC7rndB6+iDmDakw0XTYgzMxObkEw=
github.com/NVIDIA/go-nvml v0.13.0-1/go.mod h1:+KNA7c7gIBH7SKSJ1ntlwkfN80zdx8ovl4hrK3LmPt4=
golang.org/x/sys v0.20.0 h1:Od9JTbYCk261bKm4M/mw7AklTlFYIa0bIp9BgSm1S8Y=
golang.org/x/sys v0.20.0/go.mod h1:/VUhepiaJMQUp4+oa/7Zr1D23ma6VTLIYjOOTFZPUcA=
